
Microsoft Visual Studio Solution File, Format Version 12.00
# Visual Studio Version 17
VisualStudioVersion = 17.13.35828.75
MinimumVisualStudioVersion = 10.0.40219.1
Project("{FAE04EC0-301F-11D3-BF4B-00C04F79EFBC}") = "Mystikweb.Auth.Demo.AppHost", "src\Mystikweb.Auth.Demo.AppHost\Mystikweb.Auth.Demo.AppHost.csproj", "{D0992FC9-C2A3-9A16-3B33-D53934242FC7}"
EndProject
Project("{FAE04EC0-301F-11D3-BF4B-00C04F79EFBC}") = "Mystikweb.Auth.Demo.ServiceDefaults", "src\Mystikweb.Auth.Demo.ServiceDefaults\Mystikweb.Auth.Demo.ServiceDefaults.csproj", "{218B94A3-8A01-9DD3-77C7-19232621285F}"
EndProject
Project("{FAE04EC0-301F-11D3-BF4B-00C04F79EFBC}") = "Mystikweb.Auth.Demo.ApiService", "src\Mystikweb.Auth.Demo.ApiService\Mystikweb.Auth.Demo.ApiService.csproj", "{B20F50B1-3824-182A-6D81-3248DFEC93A1}"
EndProject
Project("{2150E333-8FDC-42A3-9474-1A3956D46DE8}") = "Tests", "Tests", "{02EA681E-C7D8-13C7-8484-4AC65E1B71E8}"
EndProject
Project("{FAE04EC0-301F-11D3-BF4B-00C04F79EFBC}") = "Mystikweb.Auth.Demo.Tests", "test\Mystikweb.Auth.Demo.Tests\Mystikweb.Auth.Demo.Tests.csproj", "{7B445B43-E408-4D60-3AC4-8C2864FBCF3D}"
EndProject
Project("{FAE04EC0-301F-11D3-BF4B-00C04F79EFBC}") = "Mystikweb.Auth.Demo.Identity", "src\Mystikweb.Auth.Demo.Identity\Mystikweb.Auth.Demo.Identity.csproj", "{F12BA4E5-7E5B-4319-8442-81E362C798F8}"
EndProject
Project("{2150E333-8FDC-42A3-9474-1A3956D46DE8}") = "Identity", "Identity", "{227C9E9E-51EA-444B-89C2-5AE2FB7143C6}"
EndProject
Project("{FAE04EC0-301F-11D3-BF4B-00C04F79EFBC}") = "Mystikweb.Auth.Demo.Web", "src\Mystikweb.Auth.Demo.Web\Mystikweb.Auth.Demo.Web\Mystikweb.Auth.Demo.Web.csproj", "{CA84907E-07EF-4857-BCDF-F8CADF6B8DAF}"
EndProject
Project("{FAE04EC0-301F-11D3-BF4B-00C04F79EFBC}") = "Mystikweb.Auth.Demo.Web.Client", "src\Mystikweb.Auth.Demo.Web\Mystikweb.Auth.Demo.Web.Client\Mystikweb.Auth.Demo.Web.Client.csproj", "{060886AB-579E-4923-8BC3-69EC260F2EDF}"
EndProject
Project("{FAE04EC0-301F-11D3-BF4B-00C04F79EFBC}") = "Mystikweb.Auth.Demo.Web.Shared", "src\Mystikweb.Auth.Demo.Web\Mystikweb.Auth.Demo.Web.Shared\Mystikweb.Auth.Demo.Web.Shared.csproj", "{B3FD69E1-BFD9-4278-827A-AB5FEBF24FA9}"
EndProject
Project("{2150E333-8FDC-42A3-9474-1A3956D46DE8}") = "Infrastructure", "Infrastructure", "{9F37DF38-3DE2-4A4E-A2CF-5A9DAAC79F34}"
EndProject
Project("{FAE04EC0-301F-11D3-BF4B-00C04F79EFBC}") = "Mystikweb.Auth.Demo", "src\Mystikweb.Auth.Demo\Mystikweb.Auth.Demo.csproj", "{290776A6-EDAD-4CCB-BE6B-1FAE4C462755}"
EndProject
Project("{2150E333-8FDC-42A3-9474-1A3956D46DE8}") = "Solution Items", "Solution Items", "{6B7A8B77-E1C7-4057-B292-D92B0E942393}"
	ProjectSection(SolutionItems) = preProject
		.editorconfig = .editorconfig
	EndProjectSection
EndProject
Global
	GlobalSection(SolutionConfigurationPlatforms) = preSolution
		Debug|Any CPU = Debug|Any CPU
		Release|Any CPU = Release|Any CPU
	EndGlobalSection
	GlobalSection(ProjectConfigurationPlatforms) = postSolution
		{D0992FC9-C2A3-9A16-3B33-D53934242FC7}.Debug|Any CPU.ActiveCfg = Debug|Any CPU
		{D0992FC9-C2A3-9A16-3B33-D53934242FC7}.Debug|Any CPU.Build.0 = Debug|Any CPU
		{D0992FC9-C2A3-9A16-3B33-D53934242FC7}.Release|Any CPU.ActiveCfg = Release|Any CPU
		{D0992FC9-C2A3-9A16-3B33-D53934242FC7}.Release|Any CPU.Build.0 = Release|Any CPU
		{218B94A3-8A01-9DD3-77C7-19232621285F}.Debug|Any CPU.ActiveCfg = Debug|Any CPU
		{218B94A3-8A01-9DD3-77C7-19232621285F}.Debug|Any CPU.Build.0 = Debug|Any CPU
		{218B94A3-8A01-9DD3-77C7-19232621285F}.Release|Any CPU.ActiveCfg = Release|Any CPU
		{218B94A3-8A01-9DD3-77C7-19232621285F}.Release|Any CPU.Build.0 = Release|Any CPU
		{B20F50B1-3824-182A-6D81-3248DFEC93A1}.Debug|Any CPU.ActiveCfg = Debug|Any CPU
		{B20F50B1-3824-182A-6D81-3248DFEC93A1}.Debug|Any CPU.Build.0 = Debug|Any CPU
		{B20F50B1-3824-182A-6D81-3248DFEC93A1}.Release|Any CPU.ActiveCfg = Release|Any CPU
		{B20F50B1-3824-182A-6D81-3248DFEC93A1}.Release|Any CPU.Build.0 = Release|Any CPU
		{7B445B43-E408-4D60-3AC4-8C2864FBCF3D}.Debug|Any CPU.ActiveCfg = Debug|Any CPU
		{7B445B43-E408-4D60-3AC4-8C2864FBCF3D}.Debug|Any CPU.Build.0 = Debug|Any CPU
		{7B445B43-E408-4D60-3AC4-8C2864FBCF3D}.Release|Any CPU.ActiveCfg = Release|Any CPU
		{7B445B43-E408-4D60-3AC4-8C2864FBCF3D}.Release|Any CPU.Build.0 = Release|Any CPU
		{F12BA4E5-7E5B-4319-8442-81E362C798F8}.Debug|Any CPU.ActiveCfg = Debug|Any CPU
		{F12BA4E5-7E5B-4319-8442-81E362C798F8}.Debug|Any CPU.Build.0 = Debug|Any CPU
		{F12BA4E5-7E5B-4319-8442-81E362C798F8}.Release|Any CPU.ActiveCfg = Release|Any CPU
		{F12BA4E5-7E5B-4319-8442-81E362C798F8}.Release|Any CPU.Build.0 = Release|Any CPU
		{CA84907E-07EF-4857-BCDF-F8CADF6B8DAF}.Debug|Any CPU.ActiveCfg = Debug|Any CPU
		{CA84907E-07EF-4857-BCDF-F8CADF6B8DAF}.Debug|Any CPU.Build.0 = Debug|Any CPU
		{CA84907E-07EF-4857-BCDF-F8CADF6B8DAF}.Release|Any CPU.ActiveCfg = Release|Any CPU
		{CA84907E-07EF-4857-BCDF-F8CADF6B8DAF}.Release|Any CPU.Build.0 = Release|Any CPU
		{060886AB-579E-4923-8BC3-69EC260F2EDF}.Debug|Any CPU.ActiveCfg = Debug|Any CPU
		{060886AB-579E-4923-8BC3-69EC260F2EDF}.Debug|Any CPU.Build.0 = Debug|Any CPU
		{060886AB-579E-4923-8BC3-69EC260F2EDF}.Release|Any CPU.ActiveCfg = Release|Any CPU
		{060886AB-579E-4923-8BC3-69EC260F2EDF}.Release|Any CPU.Build.0 = Release|Any CPU
		{B3FD69E1-BFD9-4278-827A-AB5FEBF24FA9}.Debug|Any CPU.ActiveCfg = Debug|Any CPU
		{B3FD69E1-BFD9-4278-827A-AB5FEBF24FA9}.Debug|Any CPU.Build.0 = Debug|Any CPU
		{B3FD69E1-BFD9-4278-827A-AB5FEBF24FA9}.Release|Any CPU.ActiveCfg = Release|Any CPU
		{B3FD69E1-BFD9-4278-827A-AB5FEBF24FA9}.Release|Any CPU.Build.0 = Release|Any CPU
		{290776A6-EDAD-4CCB-BE6B-1FAE4C462755}.Debug|Any CPU.ActiveCfg = Debug|Any CPU
		{290776A6-EDAD-4CCB-BE6B-1FAE4C462755}.Debug|Any CPU.Build.0 = Debug|Any CPU
		{290776A6-EDAD-4CCB-BE6B-1FAE4C462755}.Release|Any CPU.ActiveCfg = Release|Any CPU
		{290776A6-EDAD-4CCB-BE6B-1FAE4C462755}.Release|Any CPU.Build.0 = Release|Any CPU
	EndGlobalSection
	GlobalSection(SolutionProperties) = preSolution
		HideSolutionNode = FALSE
	EndGlobalSection
	GlobalSection(NestedProjects) = preSolution
		{7B445B43-E408-4D60-3AC4-8C2864FBCF3D} = {02EA681E-C7D8-13C7-8484-4AC65E1B71E8}
		{F12BA4E5-7E5B-4319-8442-81E362C798F8} = {227C9E9E-51EA-444B-89C2-5AE2FB7143C6}
		{290776A6-EDAD-4CCB-BE6B-1FAE4C462755} = {9F37DF38-3DE2-4A4E-A2CF-5A9DAAC79F34}
	EndGlobalSection
	GlobalSection(ExtensibilityGlobals) = postSolution
		SolutionGuid = {938D48E4-48EA-4DA0-894C-DCAC5818B484}
	EndGlobalSection
EndGlobal
